Microsoft Visual Studio Solution File, Format Version 12.00
# Visual Studio Version 16
VisualStudioVersion = 16.0.28407.52
MinimumVisualStudioVersion = 15.0.26124.0
Project("{9A19103F-16F7-4668-BE54-9A1E7A4F7556}") = "rzr.Server", "rzr.Server\rzr.Server.csproj", "{9F3BB1F6-89EE-4987-A048-38281D4CC974}"
EndProject
Project("{9A19103F-16F7-4668-BE54-9A1E7A4F7556}") = "rzr.App", "rzr.App\rzr.App.csproj", "{0B509286-9B59-469A-8D4B-EAB82FB9333E}"
EndProject
Project("{2150E333-8FDC-42A3-9474-1A3956D46DE8}") = "Solution Items", "Solution Items", "{67B9F692-91D8-4ED2-8451-729A736ABC13}"
	ProjectSection(SolutionItems) = preProject
		Directory.Build.props = Directory.Build.props
		global.json = global.json
		nuget.config = nuget.config
	EndProjectSection
EndProject
Global
	GlobalSection(SolutionConfigurationPlatforms) = preSolution
		Debug|Any CPU = Debug|Any CPU
		Debug|x64 = Debug|x64
		Debug|x86 = Debug|x86
		Release|Any CPU = Release|Any CPU
		Release|x64 = Release|x64
		Release|x86 = Release|x86
	EndGlobalSection
	GlobalSection(ProjectConfigurationPlatforms) = postSolution
		{9F3BB1F6-89EE-4987-A048-38281D4CC974}.Debug|Any CPU.ActiveCfg = Debug|Any CPU
		{9F3BB1F6-89EE-4987-A048-38281D4CC974}.Debug|Any CPU.Build.0 = Debug|Any CPU
		{9F3BB1F6-89EE-4987-A048-38281D4CC974}.Debug|x64.ActiveCfg = Debug|Any CPU
		{9F3BB1F6-89EE-4987-A048-38281D4CC974}.Debug|x64.Build.0 = Debug|Any CPU
		{9F3BB1F6-89EE-4987-A048-38281D4CC974}.Debug|x86.ActiveCfg = Debug|Any CPU
		{9F3BB1F6-89EE-4987-A048-38281D4CC974}.Debug|x86.Build.0 = Debug|Any CPU
		{9F3BB1F6-89EE-4987-A048-38281D4CC974}.Release|Any CPU.ActiveCfg = Release|Any CPU
		{9F3BB1F6-89EE-4987-A048-38281D4CC974}.Release|Any CPU.Build.0 = Release|Any CPU
		{9F3BB1F6-89EE-4987-A048-38281D4CC974}.Release|x64.ActiveCfg = Release|Any CPU
		{9F3BB1F6-89EE-4987-A048-38281D4CC974}.Release|x64.Build.0 = Release|Any CPU
		{9F3BB1F6-89EE-4987-A048-38281D4CC974}.Release|x86.ActiveCfg = Release|Any CPU
		{9F3BB1F6-89EE-4987-A048-38281D4CC974}.Release|x86.Build.0 = Release|Any CPU
		{0B509286-9B59-469A-8D4B-EAB82FB9333E}.Debug|Any CPU.ActiveCfg = Debug|Any CPU
		{0B509286-9B59-469A-8D4B-EAB82FB9333E}.Debug|Any CPU.Build.0 = Debug|Any CPU
		{0B509286-9B59-469A-8D4B-EAB82FB9333E}.Debug|x64.ActiveCfg = Debug|Any CPU
		{0B509286-9B59-469A-8D4B-EAB82FB9333E}.Debug|x64.Build.0 = Debug|Any CPU
		{0B509286-9B59-469A-8D4B-EAB82FB9333E}.Debug|x86.ActiveCfg = Debug|Any CPU
		{0B509286-9B59-469A-8D4B-EAB82FB9333E}.Debug|x86.Build.0 = Debug|Any CPU
		{0B509286-9B59-469A-8D4B-EAB82FB9333E}.Release|Any CPU.ActiveCfg = Release|Any CPU
		{0B509286-9B59-469A-8D4B-EAB82FB9333E}.Release|Any CPU.Build.0 = Release|Any CPU
		{0B509286-9B59-469A-8D4B-EAB82FB9333E}.Release|x64.ActiveCfg = Release|Any CPU
		{0B509286-9B59-469A-8D4B-EAB82FB9333E}.Release|x64.Build.0 = Release|Any CPU
		{0B509286-9B59-469A-8D4B-EAB82FB9333E}.Release|x86.ActiveCfg = Release|Any CPU
		{0B509286-9B59-469A-8D4B-EAB82FB9333E}.Release|x86.Build.0 = Release|Any CPU
	EndGlobalSection
	GlobalSection(SolutionProperties) = preSolution
		HideSolutionNode = FALSE
	EndGlobalSection
	GlobalSection(ExtensibilityGlobals) = postSolution
		SolutionGuid = {3757406D-602D-4D77-BF9F-D12EDB070320}
	EndGlobalSection
EndGlobal
